// !$*UTF8*$!
{
	archiveVersion = 1;
	classes = {
	};
	objectVersion = 52;
	objects = {

/* Begin PBXBuildFile section */
		738059BB351055F1C73F5E0D /* Pods_EverydayWithDog.framework in Frameworks */ = {isa = PBXBuildFile; fileRef = 25D8A21DC1498C95F5364C55 /* Pods_EverydayWithDog.framework */; };
		F40B7B26241F54E20086F94D /* MealDataTableViewController.swift in Sources */ = {isa = PBXBuildFile; fileRef = F40B7B25241F54E20086F94D /* MealDataTableViewController.swift */; };
		F40B7B28241F55330086F94D /* WaterDataTableViewController.swift in Sources */ = {isa = PBXBuildFile; fileRef = F40B7B27241F55330086F94D /* WaterDataTableViewController.swift */; };
		F40B7B2A241F620B0086F94D /* MealInfo.swift in Sources */ = {isa = PBXBuildFile; fileRef = F40B7B29241F620B0086F94D /* MealInfo.swift */; };
		F40B7B2C241F63340086F94D /* WaterInfo.swift in Sources */ = {isa = PBXBuildFile; fileRef = F40B7B2B241F63340086F94D /* WaterInfo.swift */; };
		F4100FFF241B9298002C732D /* DogDataViewController.swift in Sources */ = {isa = PBXBuildFile; fileRef = F4100FFE241B9298002C732D /* DogDataViewController.swift */; };
		F4101001241B979F002C732D /* ToiletDataTableViewController.swift in Sources */ = {isa = PBXBuildFile; fileRef = F4101000241B979F002C732D /* ToiletDataTableViewController.swift */; };
		F4101003241B97C4002C732D /* WalkDataTableViewController.swift in Sources */ = {isa = PBXBuildFile; fileRef = F4101002241B97C4002C732D /* WalkDataTableViewController.swift */; };
		F4101005241C03E6002C732D /* Assets.xcassets in Resources */ = {isa = PBXBuildFile; fileRef = F4101004241C03E6002C732D /* Assets.xcassets */; };
		F4128CBB241B4C8D00A7719F /* dogAnimation.json in Resources */ = {isa = PBXBuildFile; fileRef = F4128CBA241B4C8D00A7719F /* dogAnimation.json */; };
		F412C7C02408F79300C1C0A8 /* dogListSideMenuController.swift in Sources */ = {isa = PBXBuildFile; fileRef = F412C7BF2408F79300C1C0A8 /* dogListSideMenuController.swift */; };
		F412C7C224092BF400C1C0A8 /* SimpleDogInfo.swift in Sources */ = {isa = PBXBuildFile; fileRef = F412C7C124092BF400C1C0A8 /* SimpleDogInfo.swift */; };
		F41372D624112A92005C5125 /* ToiletInfo.swift in Sources */ = {isa = PBXBuildFile; fileRef = F41372D524112A92005C5125 /* ToiletInfo.swift */; };
		F413733423F11FD9003EF61F /* WalkViewController.swift in Sources */ = {isa = PBXBuildFile; fileRef = F413733323F11FD9003EF61F /* WalkViewController.swift */; };
		F413733623F12896003EF61F /* WaterViewController.swift in Sources */ = {isa = PBXBuildFile; fileRef = F413733523F12896003EF61F /* WaterViewController.swift */; };
		F413733823F12968003EF61F /* MealViewController.swift in Sources */ = {isa = PBXBuildFile; fileRef = F413733723F12968003EF61F /* MealViewController.swift */; };
		F413733A23F1490F003EF61F /* ToiletViewController.swift in Sources */ = {isa = PBXBuildFile; fileRef = F413733923F1490F003EF61F /* ToiletViewController.swift */; };
		F414CDD423E6B96C000CD579 /* ProfileViewController.swift in Sources */ = {isa = PBXBuildFile; fileRef = F414CDD323E6B96C000CD579 /* ProfileViewController.swift */; };
		F415C20E23E05F9B00C50148 /* finishLoginViewController.swift in Sources */ = {isa = PBXBuildFile; fileRef = F415C20D23E05F9B00C50148 /* finishLoginViewController.swift */; };
		F415C21723E086CB00C50148 /* Main.storyboard in Resources */ = {isa = PBXBuildFile; fileRef = F415C21523E086CB00C50148 /* Main.storyboard */; };
		F4191D24244F07050096D951 /* SettingViewController.swift in Sources */ = {isa = PBXBuildFile; fileRef = F4191D23244F07050096D951 /* SettingViewController.swift */; };
		F41C2B0A241770C200B05A72 /* WalkInfo.swift in Sources */ = {isa = PBXBuildFile; fileRef = F41C2B09241770C200B05A72 /* WalkInfo.swift */; };
		F42444EF242BB0D700C7825A /* FriendProfileViewController.swift in Sources */ = {isa = PBXBuildFile; fileRef = F42444EE242BB0D700C7825A /* FriendProfileViewController.swift */; };
		F433F094245D454600DC58F8 /* FetchDogLifeData.swift in Sources */ = {isa = PBXBuildFile; fileRef = F433F093245D454600DC58F8 /* FetchDogLifeData.swift */; };
		F444ED22241B664F00466D33 /* check.json in Resources */ = {isa = PBXBuildFile; fileRef = F444ED21241B664E00466D33 /* check.json */; };
		F444ED24241B73D000466D33 /* calendarAnimation.json in Resources */ = {isa = PBXBuildFile; fileRef = F444ED23241B73D000466D33 /* calendarAnimation.json */; };
		F444ED26241B74CF00466D33 /* EndInputScheduleViewController.swift in Sources */ = {isa = PBXBuildFile; fileRef = F444ED25241B74CF00466D33 /* EndInputScheduleViewController.swift */; };
		F444ED28241B79C100466D33 /* memoAnimation.json in Resources */ = {isa = PBXBuildFile; fileRef = F444ED27241B79C100466D33 /* memoAnimation.json */; };
		F444ED2A241B7A5200466D33 /* EndInputConditionViewController.swift in Sources */ = {isa = PBXBuildFile; fileRef = F444ED29241B7A5200466D33 /* EndInputConditionViewController.swift */; };
		F45210902465102C00A602D2 /* CustomPlanDisplayView.swift in Sources */ = {isa = PBXBuildFile; fileRef = F452108F2465102C00A602D2 /* CustomPlanDisplayView.swift */; };
		F45210942465107D00A602D2 /* CustomPlanDisplayView.xib in Resources */ = {isa = PBXBuildFile; fileRef = F45210932465107D00A602D2 /* CustomPlanDisplayView.xib */; };
		F467934523FE566B00B19B6B /* ScheduleObject.swift in Sources */ = {isa = PBXBuildFile; fileRef = F467934423FE566B00B19B6B /* ScheduleObject.swift */; };
		F479313023D9549000125D47 /* AppDelegate.swift in Sources */ = {isa = PBXBuildFile; fileRef = F479312F23D9549000125D47 /* AppDelegate.swift */; };
		F479313223D9549000125D47 /* SceneDelegate.swift in Sources */ = {isa = PBXBuildFile; fileRef = F479313123D9549000125D47 /* SceneDelegate.swift */; };
		F479313423D9549000125D47 /* ViewController.swift in Sources */ = {isa = PBXBuildFile; fileRef = F479313323D9549000125D47 /* ViewController.swift */; };
		F479313C23D9549900125D47 /* LaunchScreen.storyboard in Resources */ = {isa = PBXBuildFile; fileRef = F479313A23D9549900125D47 /* LaunchScreen.storyboard */; };
		F479315123D95DE200125D47 /* newAccountViewController.swift in Sources */ = {isa = PBXBuildFile; fileRef = F479315023D95DE200125D47 /* newAccountViewController.swift */; };
		F479315323D960BB00125D47 /* LoginViewController.swift in Sources */ = {isa = PBXBuildFile; fileRef = F479315223D960BB00125D47 /* LoginViewController.swift */; };
		F479315523D9617A00125D47 /* confirmViewController.swift in Sources */ = {isa = PBXBuildFile; fileRef = F479315423D9617A00125D47 /* confirmViewController.swift */; };
		F479315723D961C300125D47 /* addNewAccountViewController.swift in Sources */ = {isa = PBXBuildFile; fileRef = F479315623D961C300125D47 /* addNewAccountViewController.swift */; };
		F479315A23D9659800125D47 /* ProfileInput.storyboard in Resources */ = {isa = PBXBuildFile; fileRef = F479315923D9659800125D47 /* ProfileInput.storyboard */; };
		F479315C23D965D400125D47 /* ProfileInputController.swift in Sources */ = {isa = PBXBuildFile; fileRef = F479315B23D965D400125D47 /* ProfileInputController.swift */; };
		F479316023D9667500125D47 /* DogListViewController.swift in Sources */ = {isa = PBXBuildFile; fileRef = F479315F23D9667500125D47 /* DogListViewController.swift */; };
		F479316223D966B700125D47 /* Page1ViewController.swift in Sources */ = {isa = PBXBuildFile; fileRef = F479316123D966B700125D47 /* Page1ViewController.swift */; };
		F479316423D966F600125D47 /* Page2ViewController.swift in Sources */ = {isa = PBXBuildFile; fileRef = F479316323D966F600125D47 /* Page2ViewController.swift */; };
		F479316623D9674B00125D47 /* completeRegisterViewController.swift in Sources */ = {isa = PBXBuildFile; fileRef = F479316523D9674B00125D47 /* completeRegisterViewController.swift */; };
		F479316923D9679A00125D47 /* Today'sBodyCondition.storyboard in Resources */ = {isa = PBXBuildFile; fileRef = F479316823D9679A00125D47 /* Today'sBodyCondition.storyboard */; };
		F479316B23D967BD00125D47 /* Today'sConditionViewController.swift in Sources */ = {isa = PBXBuildFile; fileRef = F479316A23D967BD00125D47 /* Today'sConditionViewController.swift */; };
		F479316E23D9682800125D47 /* Calendar.storyboard in Resources */ = {isa = PBXBuildFile; fileRef = F479316D23D9682800125D47 /* Calendar.storyboard */; };
		F479317023D9685400125D47 /* CalendarViewController.swift in Sources */ = {isa = PBXBuildFile; fileRef = F479316F23D9685400125D47 /* CalendarViewController.swift */; };
		F479317323D968B800125D47 /* Data.storyboard in Resources */ = {isa = PBXBuildFile; fileRef = F479317223D968B800125D47 /* Data.storyboard */; };
		F479317923D96A6300125D47 /* DogsInfo.swift in Sources */ = {isa = PBXBuildFile; fileRef = F479317823D96A6300125D47 /* DogsInfo.swift */; };
		F479317D23D96AE400125D47 /* FriendsInfo.swift in Sources */ = {isa = PBXBuildFile; fileRef = F479317C23D96AE400125D47 /* FriendsInfo.swift */; };
		F479318023D96B0F00125D47 /* IMG_2638.PNG in Resources */ = {isa = PBXBuildFile; fileRef = F479317E23D96B0E00125D47 /* IMG_2638.PNG */; };
		F479318123D96B0F00125D47 /* IMG_0436.JPG in Resources */ = {isa = PBXBuildFile; fileRef = F479317F23D96B0F00125D47 /* IMG_0436.JPG */; };
		F479318323D973D500125D47 /* GoogleService-Info.plist in Resources */ = {isa = PBXBuildFile; fileRef = F479318223D973D400125D47 /* GoogleService-Info.plist */; };
		F4839BCF244EC88400940E27 /* DataSideMenu.swift in Sources */ = {isa = PBXBuildFile; fileRef = F4839BCE244EC88400940E27 /* DataSideMenu.swift */; };
		F4A69C4E242096B400975EBB /* GetFirstDogID.swift in Sources */ = {isa = PBXBuildFile; fileRef = F4A69C4D242096B400975EBB /* GetFirstDogID.swift */; };
		F4BEFAB523FA760E00BAC3DF /* MapViewController.swift in Sources */ = {isa = PBXBuildFile; fileRef = F4BEFAB423FA760E00BAC3DF /* MapViewController.swift */; };
		F4C83E992414D7730036BF26 /* ScheduleContent.swift in Sources */ = {isa = PBXBuildFile; fileRef = F4C83E982414D7730036BF26 /* ScheduleContent.swift */; };
		F4C83E9C24154B3B0036BF26 /* TableViewCell.swift in Sources */ = {isa = PBXBuildFile; fileRef = F4C83E9A24154B3B0036BF26 /* TableViewCell.swift */; };
		F4C83E9D24154B3B0036BF26 /* TableViewCell.xib in Resources */ = {isa = PBXBuildFile; fileRef = F4C83E9B24154B3B0036BF26 /* TableViewCell.xib */; };
		F4CF529E2415FB9800711B37 /* FriendProfileInputControllerViewController.swift in Sources */ = {isa = PBXBuildFile; fileRef = F4CF529D2415FB9700711B37 /* FriendProfileInputControllerViewController.swift */; };
		F4E7007D23ED368600CC715C /* Friend1ProfileViewController.swift in Sources */ = {isa = PBXBuildFile; fileRef = F4E7007C23ED368600CC715C /* Friend1ProfileViewController.swift */; };
		F4EFE3C523F6411A00F3C6EC /* timeManagement.swift in Sources */ = {isa = PBXBuildFile; fileRef = F4EFE3C423F6411A00F3C6EC /* timeManagement.swift */; };
		F4EFE3C723F9158F00F3C6EC /* InputScheduleViewController.swift in Sources */ = {isa = PBXBuildFile; fileRef = F4EFE3C623F9158F00F3C6EC /* InputScheduleViewController.swift */; };
/* End PBXBuildFile section */

/* Begin PBXFileReference section */
		25D8A21DC1498C95F5364C55 /* Pods_EverydayWithDog.framework */ = {isa = PBXFileReference; explicitFileType = wrapper.framework; includeInIndex = 0; path = Pods_EverydayWithDog.framework; sourceTree = BUILT_PRODUCTS_DIR; };
		8C186DAD5FBDE567BA537B43 /* Pods-EverydayWithDog.release.xcconfig */ = {isa = PBXFileReference; includeInIndex = 1; lastKnownFileType = text.xcconfig; name = "Pods-EverydayWithDog.release.xcconfig"; path = "Target Support Files/Pods-EverydayWithDog/Pods-EverydayWithDog.release.xcconfig"; sourceTree = "<group>"; };
		E73370DE60F88A6B0F4F27EC /* Pods-EverydayWithDog.debug.xcconfig */ = {isa = PBXFileReference; includeInIndex = 1; lastKnownFileType = text.xcconfig; name = "Pods-EverydayWithDog.debug.xcconfig"; path = "Target Support Files/Pods-EverydayWithDog/Pods-EverydayWithDog.debug.xcconfig"; sourceTree = "<group>"; };
		F40B7B25241F54E20086F94D /* MealDataTableViewController.swift */ = {isa = PBXFileReference; lastKnownFileType = sourcecode.swift; path = MealDataTableViewController.swift; sourceTree = "<group>"; };
		F40B7B27241F55330086F94D /* WaterDataTableViewController.swift */ = {isa = PBXFileReference; lastKnownFileType = sourcecode.swift; path = WaterDataTableViewController.swift; sourceTree = "<group>"; };
		F40B7B29241F620B0086F94D /* MealInfo.swift */ = {isa = PBXFileReference; lastKnownFileType = sourcecode.swift; path = MealInfo.swift; sourceTree = "<group>"; };
		F40B7B2B241F63340086F94D /* WaterInfo.swift */ = {isa = PBXFileReference; lastKnownFileType = sourcecode.swift; path = WaterInfo.swift; sourceTree = "<group>"; };
		F4100FFE241B9298002C732D /* DogDataViewController.swift */ = {isa = PBXFileReference; lastKnownFileType = sourcecode.swift; path = DogDataViewController.swift; sourceTree = "<group>"; };
		F4101000241B979F002C732D /* ToiletDataTableViewController.swift */ = {isa = PBXFileReference; lastKnownFileType = sourcecode.swift; path = ToiletDataTableViewController.swift; sourceTree = "<group>"; };
		F4101002241B97C4002C732D /* WalkDataTableViewController.swift */ = {isa = PBXFileReference; lastKnownFileType = sourcecode.swift; path = WalkDataTableViewController.swift; sourceTree = "<group>"; };
		F4101004241C03E6002C732D /* Assets.xcassets */ = {isa = PBXFileReference; lastKnownFileType = folder.assetcatalog; path = Assets.xcassets; sourceTree = "<group>"; };
		F4128CBA241B4C8D00A7719F /* dogAnimation.json */ = {isa = PBXFileReference; fileEncoding = 4; lastKnownFileType = text.json; path = dogAnimation.json; sourceTree = "<group>"; };
		F412C7BF2408F79300C1C0A8 /* dogListSideMenuController.swift */ = {isa = PBXFileReference; lastKnownFileType = sourcecode.swift; path = dogListSideMenuController.swift; sourceTree = "<group>"; };
		F412C7C124092BF400C1C0A8 /* SimpleDogInfo.swift */ = {isa = PBXFileReference; lastKnownFileType = sourcecode.swift; path = SimpleDogInfo.swift; sourceTree = "<group>"; };
		F41372D524112A92005C5125 /* ToiletInfo.swift */ = {isa = PBXFileReference; lastKnownFileType = sourcecode.swift; path = ToiletInfo.swift; sourceTree = "<group>"; };
		F413733323F11FD9003EF61F /* WalkViewController.swift */ = {isa = PBXFileReference; lastKnownFileType = sourcecode.swift; path = WalkViewController.swift; sourceTree = "<group>"; };
		F413733523F12896003EF61F /* WaterViewController.swift */ = {isa = PBXFileReference; lastKnownFileType = sourcecode.swift; path = WaterViewController.swift; sourceTree = "<group>"; };
		F413733723F12968003EF61F /* MealViewController.swift */ = {isa = PBXFileReference; lastKnownFileType = sourcecode.swift; path = MealViewController.swift; sourceTree = "<group>"; };
		F413733923F1490F003EF61F /* ToiletViewController.swift */ = {isa = PBXFileReference; lastKnownFileType = sourcecode.swift; path = ToiletViewController.swift; sourceTree = "<group>"; };
		F414CDD323E6B96C000CD579 /* ProfileViewController.swift */ = {isa = PBXFileReference; lastKnownFileType = sourcecode.swift; path = ProfileViewController.swift; sourceTree = "<group>"; };
		F415C20D23E05F9B00C50148 /* finishLoginViewController.swift */ = {isa = PBXFileReference; lastKnownFileType = sourcecode.swift; path = finishLoginViewController.swift; sourceTree = "<group>"; };
		F415C21623E086CB00C50148 /* Base */ = {isa = PBXFileReference; lastKnownFileType = file.storyboard; name = Base; path = Base.lproj/Main.storyboard; sourceTree = "<group>"; };
		F4191D23244F07050096D951 /* SettingViewController.swift */ = {isa = PBXFileReference; lastKnownFileType = sourcecode.swift; path = SettingViewController.swift; sourceTree = "<group>"; };
		F41C2B09241770C200B05A72 /* WalkInfo.swift */ = {isa = PBXFileReference; lastKnownFileType = sourcecode.swift; path = WalkInfo.swift; sourceTree = "<group>"; };
		F42444EE242BB0D700C7825A /* FriendProfileViewController.swift */ = {isa = PBXFileReference; lastKnownFileType = sourcecode.swift; path = FriendProfileViewController.swift; sourceTree = "<group>"; };
		F433F093245D454600DC58F8 /* FetchDogLifeData.swift */ = {isa = PBXFileReference; lastKnownFileType = sourcecode.swift; path = FetchDogLifeData.swift; sourceTree = "<group>"; };
		F444ED21241B664E00466D33 /* check.json */ = {isa = PBXFileReference; fileEncoding = 4; lastKnownFileType = text.json; path = check.json; sourceTree = "<group>"; };
		F444ED23241B73D000466D33 /* calendarAnimation.json */ = {isa = PBXFileReference; fileEncoding = 4; lastKnownFileType = text.json; path = calendarAnimation.json; sourceTree = "<group>"; };
		F444ED25241B74CF00466D33 /* EndInputScheduleViewController.swift */ = {isa = PBXFileReference; lastKnownFileType = sourcecode.swift; path = EndInputScheduleViewController.swift; sourceTree = "<group>"; };
		F444ED27241B79C100466D33 /* memoAnimation.json */ = {isa = PBXFileReference; fileEncoding = 4; lastKnownFileType = text.json; path = memoAnimation.json; sourceTree = "<group>"; };
		F444ED29241B7A5200466D33 /* EndInputConditionViewController.swift */ = {isa = PBXFileReference; lastKnownFileType = sourcecode.swift; path = EndInputConditionViewController.swift; sourceTree = "<group>"; };
		F452108F2465102C00A602D2 /* CustomPlanDisplayView.swift */ = {isa = PBXFileReference; lastKnownFileType = sourcecode.swift; path = CustomPlanDisplayView.swift; sourceTree = "<group>"; };
		F45210932465107D00A602D2 /* CustomPlanDisplayView.xib */ = {isa = PBXFileReference; lastKnownFileType = file.xib; path = CustomPlanDisplayView.xib; sourceTree = "<group>"; };
		F467934423FE566B00B19B6B /* ScheduleObject.swift */ = {isa = PBXFileReference; lastKnownFileType = sourcecode.swift; path = ScheduleObject.swift; sourceTree = "<group>"; };
		F479312F23D9549000125D47 /* AppDelegate.swift */ = {isa = PBXFileReference; lastKnownFileType = sourcecode.swift; path = AppDelegate.swift; sourceTree = "<group>"; };
		F479313123D9549000125D47 /* SceneDelegate.swift */ = {isa = PBXFileReference; lastKnownFileType = sourcecode.swift; path = SceneDelegate.swift; sourceTree = "<group>"; };
		F479313323D9549000125D47 /* ViewController.swift */ = {isa = PBXFileReference; lastKnownFileType = sourcecode.swift; path = ViewController.swift; sourceTree = "<group>"; };
		F479313B23D9549900125D47 /* Base */ = {isa = PBXFileReference; lastKnownFileType = file.storyboard; name = Base; path = Base.lproj/LaunchScreen.storyboard; sourceTree = "<group>"; };
		F479313D23D9549900125D47 /* Info.plist */ = {isa = PBXFileReference; lastKnownFileType = text.plist.xml; path = Info.plist; sourceTree = "<group>"; };
		F479314F23D95C1300125D47 /* EverydayWithDog.app */ = {isa = PBXFileReference; explicitFileType = wrapper.application; includeInIndex = 0; path = EverydayWithDog.app; sourceTree = BUILT_PRODUCTS_DIR; };
		F479315023D95DE200125D47 /* newAccountViewController.swift */ = {isa = PBXFileReference; lastKnownFileType = sourcecode.swift; path = newAccountViewController.swift; sourceTree = "<group>"; };
		F479315223D960BB00125D47 /* LoginViewController.swift */ = {isa = PBXFileReference; lastKnownFileType = sourcecode.swift; path = LoginViewController.swift; sourceTree = "<group>"; };
		F479315423D9617A00125D47 /* confirmViewController.swift */ = {isa = PBXFileReference; lastKnownFileType = sourcecode.swift; path = confirmViewController.swift; sourceTree = "<group>"; };
		F479315623D961C300125D47 /* addNewAccountViewController.swift */ = {isa = PBXFileReference; lastKnownFileType = sourcecode.swift; path = addNewAccountViewController.swift; sourceTree = "<group>"; };
		F479315923D9659800125D47 /* ProfileInput.storyboard */ = {isa = PBXFileReference; fileEncoding = 4; lastKnownFileType = file.storyboard; path = ProfileInput.storyboard; sourceTree = "<group>"; };
		F479315B23D965D400125D47 /* ProfileInputController.swift */ = {isa = PBXFileReference; lastKnownFileType = sourcecode.swift; path = ProfileInputController.swift; sourceTree = "<group>"; };
		F479315F23D9667500125D47 /* DogListViewController.swift */ = {isa = PBXFileReference; lastKnownFileType = sourcecode.swift; path = DogListViewController.swift; sourceTree = "<group>"; };
		F479316123D966B700125D47 /* Page1ViewController.swift */ = {isa = PBXFileReference; lastKnownFileType = sourcecode.swift; path = Page1ViewController.swift; sourceTree = "<group>"; };
		F479316323D966F600125D47 /* Page2ViewController.swift */ = {isa = PBXFileReference; lastKnownFileType = sourcecode.swift; path = Page2ViewController.swift; sourceTree = "<group>"; };
		F479316523D9674B00125D47 /* completeRegisterViewController.swift */ = {isa = PBXFileReference; lastKnownFileType = sourcecode.swift; path = completeRegisterViewController.swift; sourceTree = "<group>"; };
		F479316823D9679A00125D47 /* Today'sBodyCondition.storyboard */ = {isa = PBXFileReference; fileEncoding = 4; lastKnownFileType = file.storyboard; path = "Today'sBodyCondition.storyboard"; sourceTree = "<group>"; };
		F479316A23D967BD00125D47 /* Today'sConditionViewController.swift */ = {isa = PBXFileReference; lastKnownFileType = sourcecode.swift; path = "Today'sConditionViewController.swift"; sourceTree = "<group>"; };
		F479316D23D9682800125D47 /* Calendar.storyboard */ = {isa = PBXFileReference; fileEncoding = 4; lastKnownFileType = file.storyboard; path = Calendar.storyboard; sourceTree = "<group>"; };
		F479316F23D9685400125D47 /* CalendarViewController.swift */ = {isa = PBXFileReference; lastKnownFileType = sourcecode.swift; path = CalendarViewController.swift; sourceTree = "<group>"; };
		F479317223D968B800125D47 /* Data.storyboard */ = {isa = PBXFileReference; fileEncoding = 4; lastKnownFileType = file.storyboard; path = Data.storyboard; sourceTree = "<group>"; };
		F479317823D96A6300125D47 /* DogsInfo.swift */ = {isa = PBXFileReference; lastKnownFileType = sourcecode.swift; path = DogsInfo.swift; sourceTree = "<group>"; };
		F479317C23D96AE400125D47 /* FriendsInfo.swift */ = {isa = PBXFileReference; lastKnownFileType = sourcecode.swift; path = FriendsInfo.swift; sourceTree = "<group>"; };
		F479317E23D96B0E00125D47 /* IMG_2638.PNG */ = {isa = PBXFileReference; lastKnownFileType = image.png; path = IMG_2638.PNG; sourceTree = "<group>"; };
		F479317F23D96B0F00125D47 /* IMG_0436.JPG */ = {isa = PBXFileReference; lastKnownFileType = image.jpeg; path = IMG_0436.JPG; sourceTree = "<group>"; };
		F479318223D973D400125D47 /* GoogleService-Info.plist */ = {isa = PBXFileReference; fileEncoding = 4; lastKnownFileType = text.plist.xml; path = "GoogleService-Info.plist"; sourceTree = "<group>"; };
		F4839BCE244EC88400940E27 /* DataSideMenu.swift */ = {isa = PBXFileReference; lastKnownFileType = sourcecode.swift; path = DataSideMenu.swift; sourceTree = "<group>"; };
		F4A69C4D242096B400975EBB /* GetFirstDogID.swift */ = {isa = PBXFileReference; lastKnownFileType = sourcecode.swift; path = GetFirstDogID.swift; sourceTree = "<group>"; };
		F4BEFAB423FA760E00BAC3DF /* MapViewController.swift */ = {isa = PBXFileReference; lastKnownFileType = sourcecode.swift; path = MapViewController.swift; sourceTree = "<group>"; };
		F4C83E982414D7730036BF26 /* ScheduleContent.swift */ = {isa = PBXFileReference; lastKnownFileType = sourcecode.swift; path = ScheduleContent.swift; sourceTree = "<group>"; };
		F4C83E9A24154B3B0036BF26 /* TableViewCell.swift */ = {isa = PBXFileReference; lastKnownFileType = sourcecode.swift; path = TableViewCell.swift; sourceTree = "<group>"; };
		F4C83E9B24154B3B0036BF26 /* TableViewCell.xib */ = {isa = PBXFileReference; lastKnownFileType = file.xib; path = TableViewCell.xib; sourceTree = "<group>"; };
		F4CF529D2415FB9700711B37 /* FriendProfileInputControllerViewController.swift */ = {isa = PBXFileReference; lastKnownFileType = sourcecode.swift; path = FriendProfileInputControllerViewController.swift; sourceTree = "<group>"; };
		F4E7007C23ED368600CC715C /* Friend1ProfileViewController.swift */ = {isa = PBXFileReference; lastKnownFileType = sourcecode.swift; path = Friend1ProfileViewController.swift; sourceTree = "<group>"; };
		F4EFE3C423F6411A00F3C6EC /* timeManagement.swift */ = {isa = PBXFileReference; lastKnownFileType = sourcecode.swift; path = timeManagement.swift; sourceTree = "<group>"; };
		F4EFE3C623F9158F00F3C6EC /* InputScheduleViewController.swift */ = {isa = PBXFileReference; lastKnownFileType = sourcecode.swift; path = InputScheduleViewController.swift; sourceTree = "<group>"; };
/* End PBXFileReference section */

/* Begin PBXFrameworksBuildPhase section */
		F479312923D9549000125D47 /* Frameworks */ = {
			isa = PBXFrameworksBuildPhase;
			buildActionMask = 2147483647;
			files = (
				738059BB351055F1C73F5E0D /* Pods_EverydayWithDog.framework in Frameworks */,
			);
			runOnlyForDeploymentPostprocessing = 0;
		};
/* End PBXFrameworksBuildPhase section */

/* Begin PBXGroup section */
		291AEC7FCFC3CB3292F39DC8 /* Pods */ = {
			isa = PBXGroup;
			children = (
				E73370DE60F88A6B0F4F27EC /* Pods-EverydayWithDog.debug.xcconfig */,
				8C186DAD5FBDE567BA537B43 /* Pods-EverydayWithDog.release.xcconfig */,
			);
			path = Pods;
			sourceTree = "<group>";
		};
		BE30E040F38EDEDB704765DD /* Frameworks */ = {
			isa = PBXGroup;
			children = (
				25D8A21DC1498C95F5364C55 /* Pods_EverydayWithDog.framework */,
			);
			name = Frameworks;
			sourceTree = "<group>";
		};
		F42444EA242B3DEC00C7825A /* View */ = {
			isa = PBXGroup;
			children = (
				F415C21523E086CB00C50148 /* Main.storyboard */,
				F479315923D9659800125D47 /* ProfileInput.storyboard */,
				F479316823D9679A00125D47 /* Today'sBodyCondition.storyboard */,
				F479316D23D9682800125D47 /* Calendar.storyboard */,
				F479317223D968B800125D47 /* Data.storyboard */,
				F4C83E9B24154B3B0036BF26 /* TableViewCell.xib */,
				F479313A23D9549900125D47 /* LaunchScreen.storyboard */,
				F4101004241C03E6002C732D /* Assets.xcassets */,
				F4128CBA241B4C8D00A7719F /* dogAnimation.json */,
				F444ED21241B664E00466D33 /* check.json */,
				F479317F23D96B0F00125D47 /* IMG_0436.JPG */,
				F479317E23D96B0E00125D47 /* IMG_2638.PNG */,
				F452108F2465102C00A602D2 /* CustomPlanDisplayView.swift */,
				F45210932465107D00A602D2 /* CustomPlanDisplayView.xib */,
			);
			path = View;
			sourceTree = "<group>";
		};
		F42444EB242B3E7A00C7825A /* Controller */ = {
			isa = PBXGroup;
			children = (
				F42444ED242B42D900C7825A /* LoginProcess */,
				F42444EC242B425700C7825A /* DogList */,
				F479316723D9676E00125D47 /* Today's Condition */,
				F479316C23D967E500125D47 /* Calendar */,
				F479317123D9688F00125D47 /* Data */,
				F479312F23D9549000125D47 /* AppDelegate.swift */,
				F479313123D9549000125D47 /* SceneDelegate.swift */,
				F479313323D9549000125D47 /* ViewController.swift */,
			);
			path = Controller;
			sourceTree = "<group>";
		};
		F42444EC242B425700C7825A /* DogList */ = {
			isa = PBXGroup;
			children = (
				F479315F23D9667500125D47 /* DogListViewController.swift */,
				F479316523D9674B00125D47 /* completeRegisterViewController.swift */,
				F4191D23244F07050096D951 /* SettingViewController.swift */,
				F42444F0242BB60800C7825A /* MyDog */,
				F42444F1242BB64500C7825A /* FriendDog */,
				F4E7007C23ED368600CC715C /* Friend1ProfileViewController.swift */,
			);
			path = DogList;
			sourceTree = "<group>";
		};
		F42444ED242B42D900C7825A /* LoginProcess */ = {
			isa = PBXGroup;
			children = (
				F479315223D960BB00125D47 /* LoginViewController.swift */,
				F479315023D95DE200125D47 /* newAccountViewController.swift */,
				F479315423D9617A00125D47 /* confirmViewController.swift */,
				F479315623D961C300125D47 /* addNewAccountViewController.swift */,
				F415C20D23E05F9B00C50148 /* finishLoginViewController.swift */,
			);
			path = LoginProcess;
			sourceTree = "<group>";
		};
		F42444F0242BB60800C7825A /* MyDog */ = {
			isa = PBXGroup;
			children = (
				F479316123D966B700125D47 /* Page1ViewController.swift */,
				F414CDD323E6B96C000CD579 /* ProfileViewController.swift */,
				F479315B23D965D400125D47 /* ProfileInputController.swift */,
			);
			path = MyDog;
			sourceTree = "<group>";
		};
		F42444F1242BB64500C7825A /* FriendDog */ = {
			isa = PBXGroup;
			children = (
				F479316323D966F600125D47 /* Page2ViewController.swift */,
				F42444EE242BB0D700C7825A /* FriendProfileViewController.swift */,
				F4CF529D2415FB9700711B37 /* FriendProfileInputControllerViewController.swift */,
			);
			path = FriendDog;
			sourceTree = "<group>";
		};
		F479312323D9548F00125D47 = {
			isa = PBXGroup;
			children = (
				F479312E23D9549000125D47 /* EverydayWithDog */,
				291AEC7FCFC3CB3292F39DC8 /* Pods */,
				BE30E040F38EDEDB704765DD /* Frameworks */,
				F479314F23D95C1300125D47 /* EverydayWithDog.app */,
			);
			sourceTree = "<group>";
		};
		F479312E23D9549000125D47 /* EverydayWithDog */ = {
			isa = PBXGroup;
			children = (
				F479318223D973D400125D47 /* GoogleService-Info.plist */,
				F479313D23D9549900125D47 /* Info.plist */,
				F479317523D968F400125D47 /* Model */,
				F42444EA242B3DEC00C7825A /* View */,
				F42444EB242B3E7A00C7825A /* Controller */,
			);
			path = EverydayWithDog;
			sourceTree = "<group>";
		};
		F479316723D9676E00125D47 /* Today's Condition */ = {
			isa = PBXGroup;
			children = (
				F479316A23D967BD00125D47 /* Today'sConditionViewController.swift */,
				F413733723F12968003EF61F /* MealViewController.swift */,
				F413733523F12896003EF61F /* WaterViewController.swift */,
				F413733323F11FD9003EF61F /* WalkViewController.swift */,
				F413733923F1490F003EF61F /* ToiletViewController.swift */,
				F412C7BF2408F79300C1C0A8 /* dogListSideMenuController.swift */,
				F444ED27241B79C100466D33 /* memoAnimation.json */,
				F444ED29241B7A5200466D33 /* EndInputConditionViewController.swift */,
			);
			path = "Today's Condition";
			sourceTree = "<group>";
		};
		F479316C23D967E500125D47 /* Calendar */ = {
			isa = PBXGroup;
			children = (
				F479316F23D9685400125D47 /* CalendarViewController.swift */,
				F4EFE3C623F9158F00F3C6EC /* InputScheduleViewController.swift */,
				F444ED25241B74CF00466D33 /* EndInputScheduleViewController.swift */,
				F444ED23241B73D000466D33 /* calendarAnimation.json */,
				F4BEFAB423FA760E00BAC3DF /* MapViewController.swift */,
			);
			path = Calendar;
			sourceTree = "<group>";
		};
		F479317123D9688F00125D47 /* Data */ = {
			isa = PBXGroup;
			children = (
				F4100FFE241B9298002C732D /* DogDataViewController.swift */,
				F40B7B25241F54E20086F94D /* MealDataTableViewController.swift */,
				F40B7B27241F55330086F94D /* WaterDataTableViewController.swift */,
				F4101002241B97C4002C732D /* WalkDataTableViewController.swift */,
				F4101000241B979F002C732D /* ToiletDataTableViewController.swift */,
				F4839BCE244EC88400940E27 /* DataSideMenu.swift */,
			);
			path = Data;
			sourceTree = "<group>";
		};
		F479317523D968F400125D47 /* Model */ = {
			isa = PBXGroup;
			children = (
				F479317823D96A6300125D47 /* DogsInfo.swift */,
				F412C7C124092BF400C1C0A8 /* SimpleDogInfo.swift */,
				F479317C23D96AE400125D47 /* FriendsInfo.swift */,
				F467934423FE566B00B19B6B /* ScheduleObject.swift */,
				F40B7B29241F620B0086F94D /* MealInfo.swift */,
				F40B7B2B241F63340086F94D /* WaterInfo.swift */,
				F41C2B09241770C200B05A72 /* WalkInfo.swift */,
				F41372D524112A92005C5125 /* ToiletInfo.swift */,
				F4C83E982414D7730036BF26 /* ScheduleContent.swift */,
				F4A69C4D242096B400975EBB /* GetFirstDogID.swift */,
				F4C83E9A24154B3B0036BF26 /* TableViewCell.swift */,
				F4EFE3C423F6411A00F3C6EC /* timeManagement.swift */,
				F433F093245D454600DC58F8 /* FetchDogLifeData.swift */,
			);
			path = Model;
			sourceTree = "<group>";
		};
/* End PBXGroup section */

/* Begin PBXNativeTarget section */
		F479312B23D9549000125D47 /* EverydayWithDog */ = {
			isa = PBXNativeTarget;
			buildConfigurationList = F479314023D9549900125D47 /* Build configuration list for PBXNativeTarget "EverydayWithDog" */;
			buildPhases = (
				96C4743AE247D51636831E4A /* [CP] Check Pods Manifest.lock */,
				F479312823D9549000125D47 /* Sources */,
				F479312923D9549000125D47 /* Frameworks */,
				F479312A23D9549000125D47 /* Resources */,
				EF142B5C559D9DCC448EB761 /* [CP] Embed Pods Frameworks */,
				A69F6A34C0671BEE30EC37BA /* [CP] Copy Pods Resources */,
			);
			buildRules = (
			);
			dependencies = (
			);
			name = EverydayWithDog;
			productName = EverydayWithDog;
			productReference = F479314F23D95C1300125D47 /* EverydayWithDog.app */;
			productType = "com.apple.product-type.application";
		};
/* End PBXNativeTarget section */

/* Begin PBXProject section */
		F479312423D9548F00125D47 /* Project object */ = {
			isa = PBXProject;
			attributes = {
				LastSwiftUpdateCheck = 1120;
				LastUpgradeCheck = 1120;
				ORGANIZATIONNAME = "Sugita Masaki";
				TargetAttributes = {
					F479312B23D9549000125D47 = {
						CreatedOnToolsVersion = 11.2;
					};
				};
			};
			buildConfigurationList = F479312723D9548F00125D47 /* Build configuration list for PBXProject "EverydayWithDog" */;
			compatibilityVersion = "Xcode 11.0";
			developmentRegion = en;
			hasScannedForEncodings = 0;
			knownRegions = (
				en,
				Base,
			);
			mainGroup = F479312323D9548F00125D47;
			productRefGroup = F479312323D9548F00125D47;
			projectDirPath = "";
			projectRoot = "";
			targets = (
				F479312B23D9549000125D47 /* EverydayWithDog */,
			);
		};
/* End PBXProject section */

/* Begin PBXResourcesBuildPhase section */
		F479312A23D9549000125D47 /* Resources */ = {
			isa = PBXResourcesBuildPhase;
			buildActionMask = 2147483647;
			files = (
				F479318123D96B0F00125D47 /* IMG_0436.JPG in Resources */,
				F45210942465107D00A602D2 /* CustomPlanDisplayView.xib in Resources */,
				F444ED28241B79C100466D33 /* memoAnimation.json in Resources */,
				F4C83E9D24154B3B0036BF26 /* TableViewCell.xib in Resources */,
				F479316E23D9682800125D47 /* Calendar.storyboard in Resources */,
				F4101005241C03E6002C732D /* Assets.xcassets in Resources */,
				F444ED24241B73D000466D33 /* calendarAnimation.json in Resources */,
				F415C21723E086CB00C50148 /* Main.storyboard in Resources */,
				F479313C23D9549900125D47 /* LaunchScreen.storyboard in Resources */,
				F479317323D968B800125D47 /* Data.storyboard in Resources */,
				F479316923D9679A00125D47 /* Today'sBodyCondition.storyboard in Resources */,
				F444ED22241B664F00466D33 /* check.json in Resources */,
				F479318323D973D500125D47 /* GoogleService-Info.plist in Resources */,
				F479318023D96B0F00125D47 /* IMG_2638.PNG in Resources */,
				F479315A23D9659800125D47 /* ProfileInput.storyboard in Resources */,
				F4128CBB241B4C8D00A7719F /* dogAnimation.json in Resources */,
			);
			runOnlyForDeploymentPostprocessing = 0;
		};
/* End PBXResourcesBuildPhase section */

/* Begin PBXShellScriptBuildPhase section */
		96C4743AE247D51636831E4A /* [CP] Check Pods Manifest.lock */ = {
			isa = PBXShellScriptBuildPhase;
			buildActionMask = 2147483647;
			files = (
			);
			inputFileListPaths = (
			);
			inputPaths = (
				"${PODS_PODFILE_DIR_PATH}/Podfile.lock",
				"${PODS_ROOT}/Manifest.lock",
			);
			name = "[CP] Check Pods Manifest.lock";
			outputFileListPaths = (
			);
			outputPaths = (
				"$(DERIVED_FILE_DIR)/Pods-EverydayWithDog-checkManifestLockResult.txt",
			);
			runOnlyForDeploymentPostprocessing = 0;
			shellPath = /bin/sh;
			shellScript = "diff \"${PODS_PODFILE_DIR_PATH}/Podfile.lock\" \"${PODS_ROOT}/Manifest.lock\" > /dev/null\nif [ $? != 0 ] ; then\n    # print error to STDERR\n    echo \"error: The sandbox is not in sync with the Podfile.lock. Run 'pod install' or update your CocoaPods installation.\" >&2\n    exit 1\nfi\n# This output is used by Xcode 'outputs' to avoid re-running this script phase.\necho \"SUCCESS\" > \"${SCRIPT_OUTPUT_FILE_0}\"\n";
			showEnvVarsInLog = 0;
		};
		A69F6A34C0671BEE30EC37BA /* [CP] Copy Pods Resources */ = {
			isa = PBXShellScriptBuildPhase;
			buildActionMask = 2147483647;
			files = (
			);
			inputFileListPaths = (
				"${PODS_ROOT}/Target Support Files/Pods-EverydayWithDog/Pods-EverydayWithDog-resources-${CONFIGURATION}-input-files.xcfilelist",
			);
			name = "[CP] Copy Pods Resources";
			outputFileListPaths = (
				"${PODS_ROOT}/Target Support Files/Pods-EverydayWithDog/Pods-EverydayWithDog-resources-${CONFIGURATION}-output-files.xcfilelist",
			);
			runOnlyForDeploymentPostprocessing = 0;
			shellPath = /bin/sh;
			shellScript = "\"${PODS_ROOT}/Target Support Files/Pods-EverydayWithDog/Pods-EverydayWithDog-resources.sh\"\n";
			showEnvVarsInLog = 0;
		};
		EF142B5C559D9DCC448EB761 /* [CP] Embed Pods Frameworks */ = {
			isa = PBXShellScriptBuildPhase;
			buildActionMask = 2147483647;
			files = (
			);
			inputFileListPaths = (
				"${PODS_ROOT}/Target Support Files/Pods-EverydayWithDog/Pods-EverydayWithDog-frameworks-${CONFIGURATION}-input-files.xcfilelist",
			);
			name = "[CP] Embed Pods Frameworks";
			outputFileListPaths = (
				"${PODS_ROOT}/Target Support Files/Pods-EverydayWithDog/Pods-EverydayWithDog-frameworks-${CONFIGURATION}-output-files.xcfilelist",
			);
			runOnlyForDeploymentPostprocessing = 0;
			shellPath = /bin/sh;
			shellScript = "\"${PODS_ROOT}/Target Support Files/Pods-EverydayWithDog/Pods-EverydayWithDog-frameworks.sh\"\n";
			showEnvVarsInLog = 0;
		};
/* End PBXShellScriptBuildPhase section */

/* Begin PBXSourcesBuildPhase section */
		F479312823D9549000125D47 /* Sources */ = {
			isa = PBXSourcesBuildPhase;
			buildActionMask = 2147483647;
			files = (
				F4C83E9C24154B3B0036BF26 /* TableViewCell.swift in Sources */,
				F479313423D9549000125D47 /* ViewController.swift in Sources */,
				F412C7C02408F79300C1C0A8 /* dogListSideMenuController.swift in Sources */,
				F4101001241B979F002C732D /* ToiletDataTableViewController.swift in Sources */,
				F45210902465102C00A602D2 /* CustomPlanDisplayView.swift in Sources */,
				F41C2B0A241770C200B05A72 /* WalkInfo.swift in Sources */,
				F479316223D966B700125D47 /* Page1ViewController.swift in Sources */,
				F479317923D96A6300125D47 /* DogsInfo.swift in Sources */,
				F479315723D961C300125D47 /* addNewAccountViewController.swift in Sources */,
				F4101003241B97C4002C732D /* WalkDataTableViewController.swift in Sources */,
				F413733423F11FD9003EF61F /* WalkViewController.swift in Sources */,
				F444ED2A241B7A5200466D33 /* EndInputConditionViewController.swift in Sources */,
				F479316423D966F600125D47 /* Page2ViewController.swift in Sources */,
				F415C20E23E05F9B00C50148 /* finishLoginViewController.swift in Sources */,
				F479316623D9674B00125D47 /* completeRegisterViewController.swift in Sources */,
				F41372D624112A92005C5125 /* ToiletInfo.swift in Sources */,
				F433F094245D454600DC58F8 /* FetchDogLifeData.swift in Sources */,
				F40B7B2C241F63340086F94D /* WaterInfo.swift in Sources */,
				F479313023D9549000125D47 /* AppDelegate.swift in Sources */,
				F479313223D9549000125D47 /* SceneDelegate.swift in Sources */,
				F467934523FE566B00B19B6B /* ScheduleObject.swift in Sources */,
				F40B7B26241F54E20086F94D /* MealDataTableViewController.swift in Sources */,
				F4C83E992414D7730036BF26 /* ScheduleContent.swift in Sources */,
				F4191D24244F07050096D951 /* SettingViewController.swift in Sources */,
				F40B7B2A241F620B0086F94D /* MealInfo.swift in Sources */,
				F4EFE3C523F6411A00F3C6EC /* timeManagement.swift in Sources */,
				F479316B23D967BD00125D47 /* Today'sConditionViewController.swift in Sources */,
				F4BEFAB523FA760E00BAC3DF /* MapViewController.swift in Sources */,
				F40B7B28241F55330086F94D /* WaterDataTableViewController.swift in Sources */,
				F4A69C4E242096B400975EBB /* GetFirstDogID.swift in Sources */,
				F479316023D9667500125D47 /* DogListViewController.swift in Sources */,
				F4CF529E2415FB9800711B37 /* FriendProfileInputControllerViewController.swift in Sources */,
				F479315C23D965D400125D47 /* ProfileInputController.swift in Sources */,
				F42444EF242BB0D700C7825A /* FriendProfileViewController.swift in Sources */,
				F413733623F12896003EF61F /* WaterViewController.swift in Sources */,
				F479315323D960BB00125D47 /* LoginViewController.swift in Sources */,
				F4E7007D23ED368600CC715C /* Friend1ProfileViewController.swift in Sources */,
				F479315123D95DE200125D47 /* newAccountViewController.swift in Sources */,
				F479317D23D96AE400125D47 /* FriendsInfo.swift in Sources */,
				F4EFE3C723F9158F00F3C6EC /* InputScheduleViewController.swift in Sources */,
				F413733A23F1490F003EF61F /* ToiletViewController.swift in Sources */,
				F479317023D9685400125D47 /* CalendarViewController.swift in Sources */,
				F412C7C224092BF400C1C0A8 /* SimpleDogInfo.swift in Sources */,
				F4100FFF241B9298002C732D /* DogDataViewController.swift in Sources */,
				F4839BCF244EC88400940E27 /* DataSideMenu.swift in Sources */,
				F413733823F12968003EF61F /* MealViewController.swift in Sources */,
				F414CDD423E6B96C000CD579 /* ProfileViewController.swift in Sources */,
				F444ED26241B74CF00466D33 /* EndInputScheduleViewController.swift in Sources */,
				F479315523D9617A00125D47 /* confirmViewController.swift in Sources */,
			);
			runOnlyForDeploymentPostprocessing = 0;
		};
/* End PBXSourcesBuildPhase section */

/* Begin PBXVariantGroup section */
		F415C21523E086CB00C50148 /* Main.storyboard */ = {
			isa = PBXVariantGroup;
			children = (
				F415C21623E086CB00C50148 /* Base */,
			);
			name = Main.storyboard;
			sourceTree = "<group>";
		};
		F479313A23D9549900125D47 /* LaunchScreen.storyboard */ = {
			isa = PBXVariantGroup;
			children = (
				F479313B23D9549900125D47 /* Base */,
			);
			name = LaunchScreen.storyboard;
			sourceTree = "<group>";
		};
/* End PBXVariantGroup section */

/* Begin XCBuildConfiguration section */
		F479313E23D9549900125D47 /* Debug */ = {
			isa = XCBuildConfiguration;
			buildSettings = {
				ALWAYS_SEARCH_USER_PATHS = NO;
				CLANG_ANALYZER_NONNULL = YES;
				CLANG_ANALYZER_NUMBER_OBJECT_CONVERSION = YES_AGGRESSIVE;
				CLANG_CXX_LANGUAGE_STANDARD = "gnu++14";
				CLANG_CXX_LIBRARY = "libc++";
				CLANG_ENABLE_MODULES = YES;
				CLANG_ENABLE_OBJC_ARC = YES;
				CLANG_ENABLE_OBJC_WEAK = YES;
				CLANG_WARN_BLOCK_CAPTURE_AUTORELEASING = YES;
				CLANG_WARN_BOOL_CONVERSION = YES;
				CLANG_WARN_COMMA = YES;
				CLANG_WARN_CONSTANT_CONVERSION = YES;
				CLANG_WARN_DEPRECATED_OBJC_IMPLEMENTATIONS = YES;
				CLANG_WARN_DIRECT_OBJC_ISA_USAGE = YES_ERROR;
				CLANG_WARN_DOCUMENTATION_COMMENTS = YES;
				CLANG_WARN_EMPTY_BODY = YES;
				CLANG_WARN_ENUM_CONVERSION = YES;
				CLANG_WARN_INFINITE_RECURSION = YES;
				CLANG_WARN_INT_CONVERSION = YES;
				CLANG_WARN_NON_LITERAL_NULL_CONVERSION = YES;
				CLANG_WARN_OBJC_IMPLICIT_RETAIN_SELF = YES;
				CLANG_WARN_OBJC_LITERAL_CONVERSION = YES;
				CLANG_WARN_OBJC_ROOT_CLASS = YES_ERROR;
				CLANG_WARN_RANGE_LOOP_ANALYSIS = YES;
				CLANG_WARN_STRICT_PROTOTYPES = YES;
				CLANG_WARN_SUSPICIOUS_MOVE = YES;
				CLANG_WARN_UNGUARDED_AVAILABILITY = YES_AGGRESSIVE;
				CLANG_WARN_UNREACHABLE_CODE = YES;
				CLANG_WARN__DUPLICATE_METHOD_MATCH = YES;
				COPY_PHASE_STRIP = NO;
				DEBUG_INFORMATION_FORMAT = dwarf;
				ENABLE_STRICT_OBJC_MSGSEND = YES;
				ENABLE_TESTABILITY = YES;
				GCC_C_LANGUAGE_STANDARD = gnu11;
				GCC_DYNAMIC_NO_PIC = NO;
				GCC_NO_COMMON_BLOCKS = YES;
				GCC_OPTIMIZATION_LEVEL = 0;
				GCC_PREPROCESSOR_DEFINITIONS = (
					"DEBUG=1",
					"$(inherited)",
				);
				GCC_WARN_64_TO_32_BIT_CONVERSION = YES;
				GCC_WARN_ABOUT_RETURN_TYPE = YES_ERROR;
				GCC_WARN_UNDECLARED_SELECTOR = YES;
				GCC_WARN_UNINITIALIZED_AUTOS = YES_AGGRESSIVE;
				GCC_WARN_UNUSED_FUNCTION = YES;
				GCC_WARN_UNUSED_VARIABLE = YES;
				IPHONEOS_DEPLOYMENT_TARGET = 13.2;
				MTL_ENABLE_DEBUG_INFO = INCLUDE_SOURCE;
				MTL_FAST_MATH = YES;
				ONLY_ACTIVE_ARCH = YES;
				SDKROOT = iphoneos;
				SWIFT_ACTIVE_COMPILATION_CONDITIONS = DEBUG;
				SWIFT_OPTIMIZATION_LEVEL = "-Onone";
			};
			name = Debug;
		};
		F479313F23D9549900125D47 /* Release */ = {
			isa = XCBuildConfiguration;
			buildSettings = {
				ALWAYS_SEARCH_USER_PATHS = NO;
				CLANG_ANALYZER_NONNULL = YES;
				CLANG_ANALYZER_NUMBER_OBJECT_CONVERSION = YES_AGGRESSIVE;
				CLANG_CXX_LANGUAGE_STANDARD = "gnu++14";
				CLANG_CXX_LIBRARY = "libc++";
				CLANG_ENABLE_MODULES = YES;
				CLANG_ENABLE_OBJC_ARC = YES;
				CLANG_ENABLE_OBJC_WEAK = YES;
				CLANG_WARN_BLOCK_CAPTURE_AUTORELEASING = YES;
				CLANG_WARN_BOOL_CONVERSION = YES;
				CLANG_WARN_COMMA = YES;
				CLANG_WARN_CONSTANT_CONVERSION = YES;
				CLANG_WARN_DEPRECATED_OBJC_IMPLEMENTATIONS = YES;
				CLANG_WARN_DIRECT_OBJC_ISA_USAGE = YES_ERROR;
				CLANG_WARN_DOCUMENTATION_COMMENTS = YES;
				CLANG_WARN_EMPTY_BODY = YES;
				CLANG_WARN_ENUM_CONVERSION = YES;
				CLANG_WARN_INFINITE_RECURSION = YES;
				CLANG_WARN_INT_CONVERSION = YES;
				CLANG_WARN_NON_LITERAL_NULL_CONVERSION = YES;
				CLANG_WARN_OBJC_IMPLICIT_RETAIN_SELF = YES;
				CLANG_WARN_OBJC_LITERAL_CONVERSION = YES;
				CLANG_WARN_OBJC_ROOT_CLASS = YES_ERROR;
				CLANG_WARN_RANGE_LOOP_ANALYSIS = YES;
				CLANG_WARN_STRICT_PROTOTYPES = YES;
				CLANG_WARN_SUSPICIOUS_MOVE = YES;
				CLANG_WARN_UNGUARDED_AVAILABILITY = YES_AGGRESSIVE;
				CLANG_WARN_UNREACHABLE_CODE = YES;
				CLANG_WARN__DUPLICATE_METHOD_MATCH = YES;
				COPY_PHASE_STRIP = NO;
				DEBUG_INFORMATION_FORMAT = "dwarf-with-dsym";
				ENABLE_NS_ASSERTIONS = NO;
				ENABLE_STRICT_OBJC_MSGSEND = YES;
				GCC_C_LANGUAGE_STANDARD = gnu11;
				GCC_NO_COMMON_BLOCKS = YES;
				GCC_WARN_64_TO_32_BIT_CONVERSION = YES;
				GCC_WARN_ABOUT_RETURN_TYPE = YES_ERROR;
				GCC_WARN_UNDECLARED_SELECTOR = YES;
				GCC_WARN_UNINITIALIZED_AUTOS = YES_AGGRESSIVE;
				GCC_WARN_UNUSED_FUNCTION = YES;
				GCC_WARN_UNUSED_VARIABLE = YES;
				IPHONEOS_DEPLOYMENT_TARGET = 13.2;
				MTL_ENABLE_DEBUG_INFO = NO;
				MTL_FAST_MATH = YES;
				SDKROOT = iphoneos;
				SWIFT_COMPILATION_MODE = wholemodule;
				SWIFT_OPTIMIZATION_LEVEL = "-O";
				VALIDATE_PRODUCT = YES;
			};
			name = Release;
		};
		F479314123D9549900125D47 /* Debug */ = {
			isa = XCBuildConfiguration;
			baseConfigurationReference = E73370DE60F88A6B0F4F27EC /* Pods-EverydayWithDog.debug.xcconfig */;
			buildSettings = {
				ASSETCATALOG_COMPILER_APPICON_NAME = AppIcon;
				CODE_SIGN_STYLE = Automatic;
				DEVELOPMENT_TEAM = 3WQ9Z2LKN7;
				ENABLE_BITCODE = YES;
				INFOPLIST_FILE = EverydayWithDog/Info.plist;
				IPHONEOS_DEPLOYMENT_TARGET = 13.2;
				LD_RUNPATH_SEARCH_PATHS = (
					"$(inherited)",
					"@executable_path/Frameworks",
				);
				PRODUCT_BUNDLE_IDENTIFIER = com.masaki.EverydayWithDog;
				PRODUCT_NAME = "$(TARGET_NAME)";
				SWIFT_VERSION = 5.0;
				TARGETED_DEVICE_FAMILY = "1,2";
			};
			name = Debug;
		};
		F479314223D9549900125D47 /* Release */ = {
			isa = XCBuildConfiguration;
			baseConfigurationReference = 8C186DAD5FBDE567BA537B43 /* Pods-EverydayWithDog.release.xcconfig */;
			buildSettings = {
				ASSETCATALOG_COMPILER_APPICON_NAME = AppIcon;
				CODE_SIGN_STYLE = Automatic;
				DEVELOPMENT_TEAM = 3WQ9Z2LKN7;
				ENABLE_BITCODE = YES;
				INFOPLIST_FILE = EverydayWithDog/Info.plist;
				IPHONEOS_DEPLOYMENT_TARGET = 13.2;
				LD_RUNPATH_SEARCH_PATHS = (
					"$(inherited)",
					"@executable_path/Frameworks",
				);
				PRODUCT_BUNDLE_IDENTIFIER = com.masaki.EverydayWithDog;
				PRODUCT_NAME = "$(TARGET_NAME)";
				SWIFT_VERSION = 5.0;
				TARGETED_DEVICE_FAMILY = "1,2";
			};
			name = Release;
		};
/* End XCBuildConfiguration section */

/* Begin XCConfigurationList section */
		F479312723D9548F00125D47 /* Build configuration list for PBXProject "EverydayWithDog" */ = {
			isa = XCConfigurationList;
			buildConfigurations = (
				F479313E23D9549900125D47 /* Debug */,
				F479313F23D9549900125D47 /* Release */,
			);
			defaultConfigurationIsVisible = 0;
			defaultConfigurationName = Release;
		};
		F479314023D9549900125D47 /* Build configuration list for PBXNativeTarget "EverydayWithDog" */ = {
			isa = XCConfigurationList;
			buildConfigurations = (
				F479314123D9549900125D47 /* Debug */,
				F479314223D9549900125D47 /* Release */,
			);
			defaultConfigurationIsVisible = 0;
			defaultConfigurationName = Release;
		};
/* End XCConfigurationList section */
	};
	rootObject = F479312423D9548F00125D47 /* Project object */;
}
